
Microsoft Visual Studio Solution File, Format Version 12.00
# Visual Studio 15
VisualStudioVersion = 15.0.26430.14
MinimumVisualStudioVersion = 10.0.40219.1
Project("{2150E333-8FDC-42A3-9474-1A3956D46DE8}") = "src", "src", "{0C46A08E-EFC0-4F70-AF52-56F7B21506D3}"
EndProject
Project("{2150E333-8FDC-42A3-9474-1A3956D46DE8}") = "Solution Items", "Solution Items", "{E3DD93D6-6A15-46E9-A3BA-1C5D8305B92E}"
	ProjectSection(SolutionItems) = preProject
		ICON.png = ICON.png
		LICENSE = LICENSE
		README.md = README.md
		SolutionSettings.StyleCop = SolutionSettings.StyleCop
	EndProjectSection
EndProject
Project("{9A19103F-16F7-4668-BE54-9A1E7A4F7556}") = "ArgSentry", "src\ArgSentry\ArgSentry.csproj", "{83AC5E47-1857-43D8-ADDC-56AB14CE2394}"
EndProject
Project("{2150E333-8FDC-42A3-9474-1A3956D46DE8}") = "test", "test", "{7BF04363-0B6B-4E77-9CE0-7795A5211D06}"
EndProject
Project("{9A19103F-16F7-4668-BE54-9A1E7A4F7556}") = "ArgSentry.Test", "test\ArgSentry.Test\ArgSentry.Test.csproj", "{3B1FB113-574B-42FB-875D-3D7EA4B0584E}"
EndProject
Global
	GlobalSection(SolutionConfigurationPlatforms) = preSolution
		Debug|Any CPU = Debug|Any CPU
		Release|Any CPU = Release|Any CPU
	EndGlobalSection
	GlobalSection(ProjectConfigurationPlatforms) = postSolution
		{83AC5E47-1857-43D8-ADDC-56AB14CE2394}.Debug|Any CPU.ActiveCfg = Debug|Any CPU
		{83AC5E47-1857-43D8-ADDC-56AB14CE2394}.Debug|Any CPU.Build.0 = Debug|Any CPU
		{83AC5E47-1857-43D8-ADDC-56AB14CE2394}.Release|Any CPU.ActiveCfg = Release|Any CPU
		{83AC5E47-1857-43D8-ADDC-56AB14CE2394}.Release|Any CPU.Build.0 = Release|Any CPU
		{3B1FB113-574B-42FB-875D-3D7EA4B0584E}.Debug|Any CPU.ActiveCfg = Debug|Any CPU
		{3B1FB113-574B-42FB-875D-3D7EA4B0584E}.Debug|Any CPU.Build.0 = Debug|Any CPU
		{3B1FB113-574B-42FB-875D-3D7EA4B0584E}.Release|Any CPU.ActiveCfg = Release|Any CPU
		{3B1FB113-574B-42FB-875D-3D7EA4B0584E}.Release|Any CPU.Build.0 = Release|Any CPU
	EndGlobalSection
	GlobalSection(SolutionProperties) = preSolution
		HideSolutionNode = FALSE
	EndGlobalSection
	GlobalSection(NestedProjects) = preSolution
		{83AC5E47-1857-43D8-ADDC-56AB14CE2394} = {0C46A08E-EFC0-4F70-AF52-56F7B21506D3}
		{3B1FB113-574B-42FB-875D-3D7EA4B0584E} = {7BF04363-0B6B-4E77-9CE0-7795A5211D06}
	EndGlobalSection
	GlobalSection(ExtensibilityGlobals) = postSolution
		SolutionGuid = {D6B94297-C8CC-460F-BFF9-F7581F365A0B}
	EndGlobalSection
EndGlobal
